
Microsoft Visual Studio Solution File, Format Version 12.00
# Visual Studio Version 16
VisualStudioVersion = 16.0.34902.97
MinimumVisualStudioVersion = 10.0.40219.1
Project("{FAE04EC0-301F-11D3-BF4B-00C04F79EFBC}") = "pace-2024", "pace-2024.csproj", "{8F31E1ED-E63B-4301-8B9A-C1C9135CB07A}"
EndProject
Global
	GlobalSection(SolutionConfigurationPlatforms) = preSolution
		Debug|Any CPU = Debug|Any CPU
		Release|Any CPU = Release|Any CPU
	EndGlobalSection
	GlobalSection(ProjectConfigurationPlatforms) = postSolution
		{8F31E1ED-E63B-4301-8B9A-C1C9135CB07A}.Debug|Any CPU.ActiveCfg = Debug|Any CPU
		{8F31E1ED-E63B-4301-8B9A-C1C9135CB07A}.Debug|Any CPU.Build.0 = Debug|Any CPU
		{8F31E1ED-E63B-4301-8B9A-C1C9135CB07A}.Release|Any CPU.ActiveCfg = Release|Any CPU
		{8F31E1ED-E63B-4301-8B9A-C1C9135CB07A}.Release|Any CPU.Build.0 = Release|Any CPU
	EndGlobalSection
	GlobalSection(SolutionProperties) = preSolution
		HideSolutionNode = FALSE
	EndGlobalSection
	GlobalSection(ExtensibilityGlobals) = postSolution
		SolutionGuid = {67073B7F-A27D-4536-96F2-5F3E483166F0}
	EndGlobalSection
EndGlobal
